
Microsoft Visual Studio Solution File, Format Version 12.00
# Visual Studio Version 17
VisualStudioVersion = 17.1.32407.343
MinimumVisualStudioVersion = 10.0.40219.1
Project("{FAE04EC0-301F-11D3-BF4B-00C04F79EFBC}") = "WebApplication1", "WebApplication1\WebApplication1.csproj", "{FB5773F5-1B71-4E12-933E-2300891E775F}"
EndProject
Project("{FAE04EC0-301F-11D3-BF4B-00C04F79EFBC}") = "ToDoList.Domain", "ToDoList.Domain\ToDoList.Domain.csproj", "{C295B619-589E-4073-BC98-C6085011B19B}"
EndProject
Global
	GlobalSection(SolutionConfigurationPlatforms) = preSolution
		Debug|Any CPU = Debug|Any CPU
		Release|Any CPU = Release|Any CPU
	EndGlobalSection
	GlobalSection(ProjectConfigurationPlatforms) = postSolution
		{FB5773F5-1B71-4E12-933E-2300891E775F}.Debug|Any CPU.ActiveCfg = Debug|Any CPU
		{FB5773F5-1B71-4E12-933E-2300891E775F}.Debug|Any CPU.Build.0 = Debug|Any CPU
		{FB5773F5-1B71-4E12-933E-2300891E775F}.Release|Any CPU.ActiveCfg = Release|Any CPU
		{FB5773F5-1B71-4E12-933E-2300891E775F}.Release|Any CPU.Build.0 = Release|Any CPU
		{C295B619-589E-4073-BC98-C6085011B19B}.Debug|Any CPU.ActiveCfg = Debug|Any CPU
		{C295B619-589E-4073-BC98-C6085011B19B}.Debug|Any CPU.Build.0 = Debug|Any CPU
		{C295B619-589E-4073-BC98-C6085011B19B}.Release|Any CPU.ActiveCfg = Release|Any CPU
		{C295B619-589E-4073-BC98-C6085011B19B}.Release|Any CPU.Build.0 = Release|Any CPU
	EndGlobalSection
	GlobalSection(SolutionProperties) = preSolution
		HideSolutionNode = FALSE
	EndGlobalSection
	GlobalSection(ExtensibilityGlobals) = postSolution
		SolutionGuid = {84A6F592-A35B-44A7-B42F-4ED719700143}
	EndGlobalSection
EndGlobal
